// !$*UTF8*$!
{
	archiveVersion = 1;
	classes = {
	};
	objectVersion = 56;
	objects = {

/* Begin PBXBuildFile section */
		BD22013F2C5B7BB7000F58F5 /* RESULTSPAGEApp.swift in Sources */ = {isa = PBXBuildFile; fileRef = BD22013E2C5B7BB7000F58F5 /* RESULTSPAGEApp.swift */; };
		BD2201412C5B7BB7000F58F5 /* ContentView.swift in Sources */ = {isa = PBXBuildFile; fileRef = BD2201402C5B7BB7000F58F5 /* ContentView.swift */; };
		BD2201432C5B7BB9000F58F5 /* Assets.xcassets in Resources */ = {isa = PBXBuildFile; fileRef = BD2201422C5B7BB9000F58F5 /* Assets.xcassets */; };
		BD2201462C5B7BB9000F58F5 /* Preview Assets.xcassets in Resources */ = {isa = PBXBuildFile; fileRef = BD2201452C5B7BB9000F58F5 /* Preview Assets.xcassets */; };
		BD2201502C5B7BB9000F58F5 /* RESULTSPAGETests.swift in Sources */ = {isa = PBXBuildFile; fileRef = BD22014F2C5B7BB9000F58F5 /* RESULTSPAGETests.swift */; };
		BD22015A2C5B7BB9000F58F5 /* RESULTSPAGEUITests.swift in Sources */ = {isa = PBXBuildFile; fileRef = BD2201592C5B7BB9000F58F5 /* RESULTSPAGEUITests.swift */; };
		BD22015C2C5B7BB9000F58F5 /* RESULTSPAGEUITestsLaunchTests.swift in Sources */ = {isa = PBXBuildFile; fileRef = BD22015B2C5B7BB9000F58F5 /* RESULTSPAGEUITestsLaunchTests.swift */; };
/* End PBXBuildFile section */

/* Begin PBXContainerItemProxy section */
		BD22014C2C5B7BB9000F58F5 /* PBXContainerItemProxy */ = {
			isa = PBXContainerItemProxy;
			containerPortal = BD2201332C5B7BB7000F58F5 /* Project object */;
			proxyType = 1;
			remoteGlobalIDString = BD22013A2C5B7BB7000F58F5;
			remoteInfo = RESULTSPAGE;
		};
		BD2201562C5B7BB9000F58F5 /* PBXContainerItemProxy */ = {
			isa = PBXContainerItemProxy;
			containerPortal = BD2201332C5B7BB7000F58F5 /* Project object */;
			proxyType = 1;
			remoteGlobalIDString = BD22013A2C5B7BB7000F58F5;
			remoteInfo = RESULTSPAGE;
		};
/* End PBXContainerItemProxy section */

/* Begin PBXFileReference section */
		BD22013B2C5B7BB7000F58F5 /* RESULTSPAGE.app */ = {isa = PBXFileReference; explicitFileType = wrapper.application; includeInIndex = 0; path = RESULTSPAGE.app; sourceTree = BUILT_PRODUCTS_DIR; };
		BD22013E2C5B7BB7000F58F5 /* RESULTSPAGEApp.swift */ = {isa = PBXFileReference; lastKnownFileType = sourcecode.swift; path = RESULTSPAGEApp.swift; sourceTree = "<group>"; };
		BD2201402C5B7BB7000F58F5 /* ContentView.swift */ = {isa = PBXFileReference; lastKnownFileType = sourcecode.swift; path = ContentView.swift; sourceTree = "<group>"; };
		BD2201422C5B7BB9000F58F5 /* Assets.xcassets */ = {isa = PBXFileReference; lastKnownFileType = folder.assetcatalog; path = Assets.xcassets; sourceTree = "<group>"; };
		BD2201452C5B7BB9000F58F5 /* Preview Assets.xcassets */ = {isa = PBXFileReference; lastKnownFileType = folder.assetcatalog; path = "Preview Assets.xcassets"; sourceTree = "<group>"; };
		BD22014B2C5B7BB9000F58F5 /* RESULTSPAGETests.xctest */ = {isa = PBXFileReference; explicitFileType = wrapper.cfbundle; includeInIndex = 0; path = RESULTSPAGETests.xctest; sourceTree = BUILT_PRODUCTS_DIR; };
		BD22014F2C5B7BB9000F58F5 /* RESULTSPAGETests.swift */ = {isa = PBXFileReference; lastKnownFileType = sourcecode.swift; path = RESULTSPAGETests.swift; sourceTree = "<group>"; };
		BD2201552C5B7BB9000F58F5 /* RESULTSPAGEUITests.xctest */ = {isa = PBXFileReference; explicitFileType = wrapper.cfbundle; includeInIndex = 0; path = RESULTSPAGEUITests.xctest; sourceTree = BUILT_PRODUCTS_DIR; };
		BD2201592C5B7BB9000F58F5 /* RESULTSPAGEUITests.swift */ = {isa = PBXFileReference; lastKnownFileType = sourcecode.swift; path = RESULTSPAGEUITests.swift; sourceTree = "<group>"; };
		BD22015B2C5B7BB9000F58F5 /* RESULTSPAGEUITestsLaunchTests.swift */ = {isa = PBXFileReference; lastKnownFileType = sourcecode.swift; path = RESULTSPAGEUITestsLaunchTests.swift; sourceTree = "<group>"; };
/* End PBXFileReference section */

/* Begin PBXFrameworksBuildPhase section */
		BD2201382C5B7BB7000F58F5 /* Frameworks */ = {
			isa = PBXFrameworksBuildPhase;
			buildActionMask = 2147483647;
			files = (
			);
			runOnlyForDeploymentPostprocessing = 0;
		};
		BD2201482C5B7BB9000F58F5 /* Frameworks */ = {
			isa = PBXFrameworksBuildPhase;
			buildActionMask = 2147483647;
			files = (
			);
			runOnlyForDeploymentPostprocessing = 0;
		};
		BD2201522C5B7BB9000F58F5 /* Frameworks */ = {
			isa = PBXFrameworksBuildPhase;
			buildActionMask = 2147483647;
			files = (
			);
			runOnlyForDeploymentPostprocessing = 0;
		};
/* End PBXFrameworksBuildPhase section */

/* Begin PBXGroup section */
		BD2201322C5B7BB7000F58F5 = {
			isa = PBXGroup;
			children = (
				BD22013D2C5B7BB7000F58F5 /* RESULTSPAGE */,
				BD22014E2C5B7BB9000F58F5 /* RESULTSPAGETests */,
				BD2201582C5B7BB9000F58F5 /* RESULTSPAGEUITests */,
				BD22013C2C5B7BB7000F58F5 /* Products */,
			);
			sourceTree = "<group>";
		};
		BD22013C2C5B7BB7000F58F5 /* Products */ = {
			isa = PBXGroup;
			children = (
				BD22013B2C5B7BB7000F58F5 /* RESULTSPAGE.app */,
				BD22014B2C5B7BB9000F58F5 /* RESULTSPAGETests.xctest */,
				BD2201552C5B7BB9000F58F5 /* RESULTSPAGEUITests.xctest */,
			);
			name = Products;
			sourceTree = "<group>";
		};
		BD22013D2C5B7BB7000F58F5 /* RESULTSPAGE */ = {
			isa = PBXGroup;
			children = (
				BD22013E2C5B7BB7000F58F5 /* RESULTSPAGEApp.swift */,
				BD2201402C5B7BB7000F58F5 /* ContentView.swift */,
				BD2201422C5B7BB9000F58F5 /* Assets.xcassets */,
				BD2201442C5B7BB9000F58F5 /* Preview Content */,
			);
			path = RESULTSPAGE;
			sourceTree = "<group>";
		};
		BD2201442C5B7BB9000F58F5 /* Preview Content */ = {
			isa = PBXGroup;
			children = (
				BD2201452C5B7BB9000F58F5 /* Preview Assets.xcassets */,
			);
			path = "Preview Content";
			sourceTree = "<group>";
		};
		BD22014E2C5B7BB9000F58F5 /* RESULTSPAGETests */ = {
			isa = PBXGroup;
			children = (
				BD22014F2C5B7BB9000F58F5 /* RESULTSPAGETests.swift */,
			);
			path = RESULTSPAGETests;
			sourceTree = "<group>";
		};
		BD2201582C5B7BB9000F58F5 /* RESULTSPAGEUITests */ = {
			isa = PBXGroup;
			children = (
				BD2201592C5B7BB9000F58F5 /* RESULTSPAGEUITests.swift */,
				BD22015B2C5B7BB9000F58F5 /* RESULTSPAGEUITestsLaunchTests.swift */,
			);
			path = RESULTSPAGEUITests;
			sourceTree = "<group>";
		};
/* End PBXGroup section */

/* Begin PBXNativeTarget section */
		BD22013A2C5B7BB7000F58F5 /* RESULTSPAGE */ = {
			isa = PBXNativeTarget;
			buildConfigurationList = BD22015F2C5B7BB9000F58F5 /* Build configuration list for PBXNativeTarget "RESULTSPAGE" */;
			buildPhases = (
				BD2201372C5B7BB7000F58F5 /* Sources */,
				BD2201382C5B7BB7000F58F5 /* Frameworks */,
				BD2201392C5B7BB7000F58F5 /* Resources */,
			);
			buildRules = (
			);
			dependencies = (
			);
			name = RESULTSPAGE;
			productName = RESULTSPAGE;
			productReference = BD22013B2C5B7BB7000F58F5 /* RESULTSPAGE.app */;
			productType = "com.apple.product-type.application";
		};
		BD22014A2C5B7BB9000F58F5 /* RESULTSPAGETests */ = {
			isa = PBXNativeTarget;
			buildConfigurationList = BD2201622C5B7BB9000F58F5 /* Build configuration list for PBXNativeTarget "RESULTSPAGETests" */;
			buildPhases = (
				BD2201472C5B7BB9000F58F5 /* Sources */,
				BD2201482C5B7BB9000F58F5 /* Frameworks */,
				BD2201492C5B7BB9000F58F5 /* Resources */,
			);
			buildRules = (
			);
			dependencies = (
				BD22014D2C5B7BB9000F58F5 /* PBXTargetDependency */,
			);
			name = RESULTSPAGETests;
			productName = RESULTSPAGETests;
			productReference = BD22014B2C5B7BB9000F58F5 /* RESULTSPAGETests.xctest */;
			productType = "com.apple.product-type.bundle.unit-test";
		};
		BD2201542C5B7BB9000F58F5 /* RESULTSPAGEUITests */ = {
			isa = PBXNativeTarget;
			buildConfigurationList = BD2201652C5B7BB9000F58F5 /* Build configuration list for PBXNativeTarget "RESULTSPAGEUITests" */;
			buildPhases = (
				BD2201512C5B7BB9000F58F5 /* Sources */,
				BD2201522C5B7BB9000F58F5 /* Frameworks */,
				BD2201532C5B7BB9000F58F5 /* Resources */,
			);
			buildRules = (
			);
			dependencies = (
				BD2201572C5B7BB9000F58F5 /* PBXTargetDependency */,
			);
			name = RESULTSPAGEUITests;
			productName = RESULTSPAGEUITests;
			productReference = BD2201552C5B7BB9000F58F5 /* RESULTSPAGEUITests.xctest */;
			productType = "com.apple.product-type.bundle.ui-testing";
		};
/* End PBXNativeTarget section */

/* Begin PBXProject section */
		BD2201332C5B7BB7000F58F5 /* Project object */ = {
			isa = PBXProject;
			attributes = {
				BuildIndependentTargetsInParallel = 1;
				LastSwiftUpdateCheck = 1540;
				LastUpgradeCheck = 1540;
				TargetAttributes = {
					BD22013A2C5B7BB7000F58F5 = {
						CreatedOnToolsVersion = 15.4;
					};
					BD22014A2C5B7BB9000F58F5 = {
						CreatedOnToolsVersion = 15.4;
						TestTargetID = BD22013A2C5B7BB7000F58F5;
					};
					BD2201542C5B7BB9000F58F5 = {
						CreatedOnToolsVersion = 15.4;
						TestTargetID = BD22013A2C5B7BB7000F58F5;
					};
				};
			};
			buildConfigurationList = BD2201362C5B7BB7000F58F5 /* Build configuration list for PBXProject "RESULTSPAGE" */;
			compatibilityVersion = "Xcode 14.0";
			developmentRegion = en;
			hasScannedForEncodings = 0;
			knownRegions = (
				en,
				Base,
			);
			mainGroup = BD2201322C5B7BB7000F58F5;
			productRefGroup = BD22013C2C5B7BB7000F58F5 /* Products */;
			projectDirPath = "";
			projectRoot = "";
			targets = (
				BD22013A2C5B7BB7000F58F5 /* RESULTSPAGE */,
				BD22014A2C5B7BB9000F58F5 /* RESULTSPAGETests */,
				BD2201542C5B7BB9000F58F5 /* RESULTSPAGEUITests */,
			);
		};
/* End PBXProject section */

/* Begin PBXResourcesBuildPhase section */
		BD2201392C5B7BB7000F58F5 /* Resources */ = {
			isa = PBXResourcesBuildPhase;
			buildActionMask = 2147483647;
			files = (
				BD2201462C5B7BB9000F58F5 /* Preview Assets.xcassets in Resources */,
				BD2201432C5B7BB9000F58F5 /* Assets.xcassets in Resources */,
			);
			runOnlyForDeploymentPostprocessing = 0;
		};
		BD2201492C5B7BB9000F58F5 /* Resources */ = {
			isa = PBXResourcesBuildPhase;
			buildActionMask = 2147483647;
			files = (
			);
			runOnlyForDeploymentPostprocessing = 0;
		};
		BD2201532C5B7BB9000F58F5 /* Resources */ = {
			isa = PBXResourcesBuildPhase;
			buildActionMask = 2147483647;
			files = (
			);
			runOnlyForDeploymentPostprocessing = 0;
		};
/* End PBXResourcesBuildPhase section */

/* Begin PBXSourcesBuildPhase section */
		BD2201372C5B7BB7000F58F5 /* Sources */ = {
			isa = PBXSourcesBuildPhase;
			buildActionMask = 2147483647;
			files = (
				BD2201412C5B7BB7000F58F5 /* ContentView.swift in Sources */,
				BD22013F2C5B7BB7000F58F5 /* RESULTSPAGEApp.swift in Sources */,
			);
			runOnlyForDeploymentPostprocessing = 0;
		};
		BD2201472C5B7BB9000F58F5 /* Sources */ = {
			isa = PBXSourcesBuildPhase;
			buildActionMask = 2147483647;
			files = (
				BD2201502C5B7BB9000F58F5 /* RESULTSPAGETests.swift in Sources */,
			);
			runOnlyForDeploymentPostprocessing = 0;
		};
		BD2201512C5B7BB9000F58F5 /* Sources */ = {
			isa = PBXSourcesBuildPhase;
			buildActionMask = 2147483647;
			files = (
				BD22015C2C5B7BB9000F58F5 /* RESULTSPAGEUITestsLaunchTests.swift in Sources */,
				BD22015A2C5B7BB9000F58F5 /* RESULTSPAGEUITests.swift in Sources */,
			);
			runOnlyForDeploymentPostprocessing = 0;
		};
/* End PBXSourcesBuildPhase section */

/* Begin PBXTargetDependency section */
		BD22014D2C5B7BB9000F58F5 /* PBXTargetDependency */ = {
			isa = PBXTargetDependency;
			target = BD22013A2C5B7BB7000F58F5 /* RESULTSPAGE */;
			targetProxy = BD22014C2C5B7BB9000F58F5 /* PBXContainerItemProxy */;
		};
		BD2201572C5B7BB9000F58F5 /* PBXTargetDependency */ = {
			isa = PBXTargetDependency;
			target = BD22013A2C5B7BB7000F58F5 /* RESULTSPAGE */;
			targetProxy = BD2201562C5B7BB9000F58F5 /* PBXContainerItemProxy */;
		};
/* End PBXTargetDependency section */

/* Begin XCBuildConfiguration section */
		BD22015D2C5B7BB9000F58F5 /* Debug */ = {
			isa = XCBuildConfiguration;
			buildSettings = {
				ALWAYS_SEARCH_USER_PATHS = NO;
				ASSETCATALOG_COMPILER_GENERATE_SWIFT_ASSET_SYMBOL_EXTENSIONS = YES;
				CLANG_ANALYZER_NONNULL = YES;
				CLANG_ANALYZER_NUMBER_OBJECT_CONVERSION = YES_AGGRESSIVE;
				CLANG_CXX_LANGUAGE_STANDARD = "gnu++20";
				CLANG_ENABLE_MODULES = YES;
				CLANG_ENABLE_OBJC_ARC = YES;
				CLANG_ENABLE_OBJC_WEAK = YES;
				CLANG_WARN_BLOCK_CAPTURE_AUTORELEASING = YES;
				CLANG_WARN_BOOL_CONVERSION = YES;
				CLANG_WARN_COMMA = YES;
				CLANG_WARN_CONSTANT_CONVERSION = YES;
				CLANG_WARN_DEPRECATED_OBJC_IMPLEMENTATIONS = YES;
				CLANG_WARN_DIRECT_OBJC_ISA_USAGE = YES_ERROR;
				CLANG_WARN_DOCUMENTATION_COMMENTS = YES;
				CLANG_WARN_EMPTY_BODY = YES;
				CLANG_WARN_ENUM_CONVERSION = YES;
				CLANG_WARN_INFINITE_RECURSION = YES;
				CLANG_WARN_INT_CONVERSION = YES;
				CLANG_WARN_NON_LITERAL_NULL_CONVERSION = YES;
				CLANG_WARN_OBJC_IMPLICIT_RETAIN_SELF = YES;
				CLANG_WARN_OBJC_LITERAL_CONVERSION = YES;
				CLANG_WARN_OBJC_ROOT_CLASS = YES_ERROR;
				CLANG_WARN_QUOTED_INCLUDE_IN_FRAMEWORK_HEADER = YES;
				CLANG_WARN_RANGE_LOOP_ANALYSIS = YES;
				CLANG_WARN_STRICT_PROTOTYPES = YES;
				CLANG_WARN_SUSPICIOUS_MOVE = YES;
				CLANG_WARN_UNGUARDED_AVAILABILITY = YES_AGGRESSIVE;
				CLANG_WARN_UNREACHABLE_CODE = YES;
				CLANG_WARN__DUPLICATE_METHOD_MATCH = YES;
				COPY_PHASE_STRIP = NO;
				DEBUG_INFORMATION_FORMAT = dwarf;
				ENABLE_STRICT_OBJC_MSGSEND = YES;
				ENABLE_TESTABILITY = YES;
				ENABLE_USER_SCRIPT_SANDBOXING = YES;
				GCC_C_LANGUAGE_STANDARD = gnu17;
				GCC_DYNAMIC_NO_PIC = NO;
				GCC_NO_COMMON_BLOCKS = YES;
				GCC_OPTIMIZATION_LEVEL = 0;
				GCC_PREPROCESSOR_DEFINITIONS = (
					"DEBUG=1",
					"$(inherited)",
				);
				GCC_WARN_64_TO_32_BIT_CONVERSION = YES;
				GCC_WARN_ABOUT_RETURN_TYPE = YES_ERROR;
				GCC_WARN_UNDECLARED_SELECTOR = YES;
				GCC_WARN_UNINITIALIZED_AUTOS = YES_AGGRESSIVE;
				GCC_WARN_UNUSED_FUNCTION = YES;
				GCC_WARN_UNUSED_VARIABLE = YES;
				IPHONEOS_DEPLOYMENT_TARGET = 17.5;
				LOCALIZATION_PREFERS_STRING_CATALOGS = YES;
				MTL_ENABLE_DEBUG_INFO = INCLUDE_SOURCE;
				MTL_FAST_MATH = YES;
				ONLY_ACTIVE_ARCH = YES;
				SDKROOT = iphoneos;
				SWIFT_ACTIVE_COMPILATION_CONDITIONS = "DEBUG $(inherited)";
				SWIFT_OPTIMIZATION_LEVEL = "-Onone";
			};
			name = Debug;
		};
		BD22015E2C5B7BB9000F58F5 /* Release */ = {
			isa = XCBuildConfiguration;
			buildSettings = {
				ALWAYS_SEARCH_USER_PATHS = NO;
				ASSETCATALOG_COMPILER_GENERATE_SWIFT_ASSET_SYMBOL_EXTENSIONS = YES;
				CLANG_ANALYZER_NONNULL = YES;
				CLANG_ANALYZER_NUMBER_OBJECT_CONVERSION = YES_AGGRESSIVE;
				CLANG_CXX_LANGUAGE_STANDARD = "gnu++20";
				CLANG_ENABLE_MODULES = YES;
				CLANG_ENABLE_OBJC_ARC = YES;
				CLANG_ENABLE_OBJC_WEAK = YES;
				CLANG_WARN_BLOCK_CAPTURE_AUTORELEASING = YES;
				CLANG_WARN_BOOL_CONVERSION = YES;
				CLANG_WARN_COMMA = YES;
				CLANG_WARN_CONSTANT_CONVERSION = YES;
				CLANG_WARN_DEPRECATED_OBJC_IMPLEMENTATIONS = YES;
				CLANG_WARN_DIRECT_OBJC_ISA_USAGE = YES_ERROR;
				CLANG_WARN_DOCUMENTATION_COMMENTS = YES;
				CLANG_WARN_EMPTY_BODY = YES;
				CLANG_WARN_ENUM_CONVERSION = YES;
				CLANG_WARN_INFINITE_RECURSION = YES;
				CLANG_WARN_INT_CONVERSION = YES;
				CLANG_WARN_NON_LITERAL_NULL_CONVERSION = YES;
				CLANG_WARN_OBJC_IMPLICIT_RETAIN_SELF = YES;
				CLANG_WARN_OBJC_LITERAL_CONVERSION = YES;
				CLANG_WARN_OBJC_ROOT_CLASS = YES_ERROR;
				CLANG_WARN_QUOTED_INCLUDE_IN_FRAMEWORK_HEADER = YES;
				CLANG_WARN_RANGE_LOOP_ANALYSIS = YES;
				CLANG_WARN_STRICT_PROTOTYPES = YES;
				CLANG_WARN_SUSPICIOUS_MOVE = YES;
				CLANG_WARN_UNGUARDED_AVAILABILITY = YES_AGGRESSIVE;
				CLANG_WARN_UNREACHABLE_CODE = YES;
				CLANG_WARN__DUPLICATE_METHOD_MATCH = YES;
				COPY_PHASE_STRIP = NO;
				DEBUG_INFORMATION_FORMAT = "dwarf-with-dsym";
				ENABLE_NS_ASSERTIONS = NO;
				ENABLE_STRICT_OBJC_MSGSEND = YES;
				ENABLE_USER_SCRIPT_SANDBOXING = YES;
				GCC_C_LANGUAGE_STANDARD = gnu17;
				GCC_NO_COMMON_BLOCKS = YES;
				GCC_WARN_64_TO_32_BIT_CONVERSION = YES;
				GCC_WARN_ABOUT_RETURN_TYPE = YES_ERROR;
				GCC_WARN_UNDECLARED_SELECTOR = YES;
				GCC_WARN_UNINITIALIZED_AUTOS = YES_AGGRESSIVE;
				GCC_WARN_UNUSED_FUNCTION = YES;
				GCC_WARN_UNUSED_VARIABLE = YES;
				IPHONEOS_DEPLOYMENT_TARGET = 17.5;
				LOCALIZATION_PREFERS_STRING_CATALOGS = YES;
				MTL_ENABLE_DEBUG_INFO = NO;
				MTL_FAST_MATH = YES;
				SDKROOT = iphoneos;
				SWIFT_COMPILATION_MODE = wholemodule;
				VALIDATE_PRODUCT = YES;
			};
			name = Release;
		};
		BD2201602C5B7BB9000F58F5 /* Debug */ = {
			isa = XCBuildConfiguration;
			buildSettings = {
				ASSETCATALOG_COMPILER_APPICON_NAME = AppIcon;
				ASSETCATALOG_COMPILER_GLOBAL_ACCENT_COLOR_NAME = AccentColor;
				CODE_SIGN_STYLE = Automatic;
				CURRENT_PROJECT_VERSION = 1;
				DEVELOPMENT_ASSET_PATHS = "\"RESULTSPAGE/Preview Content\"";
				ENABLE_PREVIEWS = YES;
				GENERATE_INFOPLIST_FILE = YES;
				INFOPLIST_KEY_UIApplicationSceneManifest_Generation = YES;
				INFOPLIST_KEY_UIApplicationSupportsIndirectInputEvents = YES;
				INFOPLIST_KEY_UILaunchScreen_Generation = YES;
				INFOPLIST_KEY_UISupportedInterfaceOrientations_iPad = "UIInterfaceOrientationPortrait UIInterfaceOrientationPortraitUpsideDown UIInterfaceOrientationLandscapeLeft UIInterfaceOrientationLandscapeRight";
				INFOPLIST_KEY_UISupportedInterfaceOrientations_iPhone = "UIInterfaceOrientationPortrait UIInterfaceOrientationLandscapeLeft UIInterfaceOrientationLandscapeRight";
				LD_RUNPATH_SEARCH_PATHS = (
					"$(inherited)",
					"@executable_path/Frameworks",
				);
				MARKETING_VERSION = 1.0;
				PRODUCT_BUNDLE_IDENTIFIER = kwk.RESULTSPAGE;
				PRODUCT_NAME = "$(TARGET_NAME)";
				SWIFT_EMIT_LOC_STRINGS = YES;
				SWIFT_VERSION = 5.0;
				TARGETED_DEVICE_FAMILY = "1,2";
			};
			name = Debug;
		};
		BD2201612C5B7BB9000F58F5 /* Release */ = {
			isa = XCBuildConfiguration;
			buildSettings = {
				ASSETCATALOG_COMPILER_APPICON_NAME = AppIcon;
				ASSETCATALOG_COMPILER_GLOBAL_ACCENT_COLOR_NAME = AccentColor;
				CODE_SIGN_STYLE = Automatic;
				CURRENT_PROJECT_VERSION = 1;
				DEVELOPMENT_ASSET_PATHS = "\"RESULTSPAGE/Preview Content\"";
				ENABLE_PREVIEWS = YES;
				GENERATE_INFOPLIST_FILE = YES;
				INFOPLIST_KEY_UIApplicationSceneManifest_Generation = YES;
				INFOPLIST_KEY_UIApplicationSupportsIndirectInputEvents = YES;
				INFOPLIST_KEY_UILaunchScreen_Generation = YES;
				INFOPLIST_KEY_UISupportedInterfaceOrientations_iPad = "UIInterfaceOrientationPortrait UIInterfaceOrientationPortraitUpsideDown UIInterfaceOrientationLandscapeLeft UIInterfaceOrientationLandscapeRight";
				INFOPLIST_KEY_UISupportedInterfaceOrientations_iPhone = "UIInterfaceOrientationPortrait UIInterfaceOrientationLandscapeLeft UIInterfaceOrientationLandscapeRight";
				LD_RUNPATH_SEARCH_PATHS = (
					"$(inherited)",
					"@executable_path/Frameworks",
				);
				MARKETING_VERSION = 1.0;
				PRODUCT_BUNDLE_IDENTIFIER = kwk.RESULTSPAGE;
				PRODUCT_NAME = "$(TARGET_NAME)";
				SWIFT_EMIT_LOC_STRINGS = YES;
				SWIFT_VERSION = 5.0;
				TARGETED_DEVICE_FAMILY = "1,2";
			};
			name = Release;
		};
		BD2201632C5B7BB9000F58F5 /* Debug */ = {
			isa = XCBuildConfiguration;
			buildSettings = {
				ALWAYS_EMBED_SWIFT_STANDARD_LIBRARIES = YES;
				BUNDLE_LOADER = "$(TEST_HOST)";
				CODE_SIGN_STYLE = Automatic;
				CURRENT_PROJECT_VERSION = 1;
				GENERATE_INFOPLIST_FILE = YES;
				IPHONEOS_DEPLOYMENT_TARGET = 17.5;
				MARKETING_VERSION = 1.0;
				PRODUCT_BUNDLE_IDENTIFIER = kwk.RESULTSPAGETests;
				PRODUCT_NAME = "$(TARGET_NAME)";
				SWIFT_EMIT_LOC_STRINGS = NO;
				SWIFT_VERSION = 5.0;
				TARGETED_DEVICE_FAMILY = "1,2";
				TEST_HOST = "$(BUILT_PRODUCTS_DIR)/RESULTSPAGE.app/$(BUNDLE_EXECUTABLE_FOLDER_PATH)/RESULTSPAGE";
			};
			name = Debug;
		};
		BD2201642C5B7BB9000F58F5 /* Release */ = {
			isa = XCBuildConfiguration;
			buildSettings = {
				ALWAYS_EMBED_SWIFT_STANDARD_LIBRARIES = YES;
				BUNDLE_LOADER = "$(TEST_HOST)";
				CODE_SIGN_STYLE = Automatic;
				CURRENT_PROJECT_VERSION = 1;
				GENERATE_INFOPLIST_FILE = YES;
				IPHONEOS_DEPLOYMENT_TARGET = 17.5;
				MARKETING_VERSION = 1.0;
				PRODUCT_BUNDLE_IDENTIFIER = kwk.RESULTSPAGETests;
				PRODUCT_NAME = "$(TARGET_NAME)";
				SWIFT_EMIT_LOC_STRINGS = NO;
				SWIFT_VERSION = 5.0;
				TARGETED_DEVICE_FAMILY = "1,2";
				TEST_HOST = "$(BUILT_PRODUCTS_DIR)/RESULTSPAGE.app/$(BUNDLE_EXECUTABLE_FOLDER_PATH)/RESULTSPAGE";
			};
			name = Release;
		};
		BD2201662C5B7BB9000F58F5 /* Debug */ = {
			isa = XCBuildConfiguration;
			buildSettings = {
				ALWAYS_EMBED_SWIFT_STANDARD_LIBRARIES = YES;
				CODE_SIGN_STYLE = Automatic;
				CURRENT_PROJECT_VERSION = 1;
				GENERATE_INFOPLIST_FILE = YES;
				MARKETING_VERSION = 1.0;
				PRODUCT_BUNDLE_IDENTIFIER = kwk.RESULTSPAGEUITests;
				PRODUCT_NAME = "$(TARGET_NAME)";
				SWIFT_EMIT_LOC_STRINGS = NO;
				SWIFT_VERSION = 5.0;
				TARGETED_DEVICE_FAMILY = "1,2";
				TEST_TARGET_NAME = RESULTSPAGE;
			};
			name = Debug;
		};
		BD2201672C5B7BB9000F58F5 /* Release */ = {
			isa = XCBuildConfiguration;
			buildSettings = {
				ALWAYS_EMBED_SWIFT_STANDARD_LIBRARIES = YES;
				CODE_SIGN_STYLE = Automatic;
				CURRENT_PROJECT_VERSION = 1;
				GENERATE_INFOPLIST_FILE = YES;
				MARKETING_VERSION = 1.0;
				PRODUCT_BUNDLE_IDENTIFIER = kwk.RESULTSPAGEUITests;
				PRODUCT_NAME = "$(TARGET_NAME)";
				SWIFT_EMIT_LOC_STRINGS = NO;
				SWIFT_VERSION = 5.0;
				TARGETED_DEVICE_FAMILY = "1,2";
				TEST_TARGET_NAME = RESULTSPAGE;
			};
			name = Release;
		};
/* End XCBuildConfiguration section */

/* Begin XCConfigurationList section */
		BD2201362C5B7BB7000F58F5 /* Build configuration list for PBXProject "RESULTSPAGE" */ = {
			isa = XCConfigurationList;
			buildConfigurations = (
				BD22015D2C5B7BB9000F58F5 /* Debug */,
				BD22015E2C5B7BB9000F58F5 /* Release */,
			);
			defaultConfigurationIsVisible = 0;
			defaultConfigurationName = Release;
		};
		BD22015F2C5B7BB9000F58F5 /* Build configuration list for PBXNativeTarget "RESULTSPAGE" */ = {
			isa = XCConfigurationList;
			buildConfigurations = (
				BD2201602C5B7BB9000F58F5 /* Debug */,
				BD2201612C5B7BB9000F58F5 /* Release */,
			);
			defaultConfigurationIsVisible = 0;
			defaultConfigurationName = Release;
		};
		BD2201622C5B7BB9000F58F5 /* Build configuration list for PBXNativeTarget "RESULTSPAGETests" */ = {
			isa = XCConfigurationList;
			buildConfigurations = (
				BD2201632C5B7BB9000F58F5 /* Debug */,
				BD2201642C5B7BB9000F58F5 /* Release */,
			);
			defaultConfigurationIsVisible = 0;
			defaultConfigurationName = Release;
		};
		BD2201652C5B7BB9000F58F5 /* Build configuration list for PBXNativeTarget "RESULTSPAGEUITests" */ = {
			isa = XCConfigurationList;
			buildConfigurations = (
				BD2201662C5B7BB9000F58F5 /* Debug */,
				BD2201672C5B7BB9000F58F5 /* Release */,
			);
			defaultConfigurationIsVisible = 0;
			defaultConfigurationName = Release;
		};
/* End XCConfigurationList section */
	};
	rootObject = BD2201332C5B7BB7000F58F5 /* Project object */;
}
